
Microsoft Visual Studio Solution File, Format Version 12.00
# Visual Studio Version 17
VisualStudioVersion = 17.5.33627.172
MinimumVisualStudioVersion = 10.0.40219.1
Project("{FAE04EC0-301F-11D3-BF4B-00C04F79EFBC}") = "exam2", "exam2\exam2.csproj", "{DAB2F64E-D678-4FBE-83FE-01B501703145}"
EndProject
Project("{FAE04EC0-301F-11D3-BF4B-00C04F79EFBC}") = "ApiWebExam2", "ApiWebExam2\ApiWebExam2.csproj", "{45A05258-F888-405B-AFA6-262BB5034314}"
EndProject
Global
	GlobalSection(SolutionConfigurationPlatforms) = preSolution
		Debug|Any CPU = Debug|Any CPU
		Release|Any CPU = Release|Any CPU
	EndGlobalSection
	GlobalSection(ProjectConfigurationPlatforms) = postSolution
		{DAB2F64E-D678-4FBE-83FE-01B501703145}.Debug|Any CPU.ActiveCfg = Debug|Any CPU
		{DAB2F64E-D678-4FBE-83FE-01B501703145}.Debug|Any CPU.Build.0 = Debug|Any CPU
		{DAB2F64E-D678-4FBE-83FE-01B501703145}.Release|Any CPU.ActiveCfg = Release|Any CPU
		{DAB2F64E-D678-4FBE-83FE-01B501703145}.Release|Any CPU.Build.0 = Release|Any CPU
		{45A05258-F888-405B-AFA6-262BB5034314}.Debug|Any CPU.ActiveCfg = Debug|Any CPU
		{45A05258-F888-405B-AFA6-262BB5034314}.Debug|Any CPU.Build.0 = Debug|Any CPU
		{45A05258-F888-405B-AFA6-262BB5034314}.Release|Any CPU.ActiveCfg = Release|Any CPU
		{45A05258-F888-405B-AFA6-262BB5034314}.Release|Any CPU.Build.0 = Release|Any CPU
	EndGlobalSection
	GlobalSection(SolutionProperties) = preSolution
		HideSolutionNode = FALSE
	EndGlobalSection
	GlobalSection(ExtensibilityGlobals) = postSolution
		SolutionGuid = {A2CDEA0D-F90A-42D7-9132-0D8421F7C1DF}
	EndGlobalSection
EndGlobal
